// !$*UTF8*$!
{
	archiveVersion = 1;
	classes = {
	};
	objectVersion = 55;
	objects = {

/* Begin PBXBuildFile section */
		2F2A098628397C02004504AD /* AppDelegate.swift in Sources */ = {isa = PBXBuildFile; fileRef = 2F2A098528397C02004504AD /* AppDelegate.swift */; };
		2F2A098828397C02004504AD /* SceneDelegate.swift in Sources */ = {isa = PBXBuildFile; fileRef = 2F2A098728397C02004504AD /* SceneDelegate.swift */; };
		2F2A098A28397C02004504AD /* ViewController.swift in Sources */ = {isa = PBXBuildFile; fileRef = 2F2A098928397C02004504AD /* ViewController.swift */; };
		2F2A098D28397C02004504AD /* Main.storyboard in Resources */ = {isa = PBXBuildFile; fileRef = 2F2A098B28397C02004504AD /* Main.storyboard */; };
		2F2A098F28397C04004504AD /* Assets.xcassets in Resources */ = {isa = PBXBuildFile; fileRef = 2F2A098E28397C04004504AD /* Assets.xcassets */; };
		2F2A099228397C04004504AD /* LaunchScreen.storyboard in Resources */ = {isa = PBXBuildFile; fileRef = 2F2A099028397C04004504AD /* LaunchScreen.storyboard */; };
		2F2A099D28397C04004504AD /* PokeTeam_AppTests.swift in Sources */ = {isa = PBXBuildFile; fileRef = 2F2A099C28397C04004504AD /* PokeTeam_AppTests.swift */; };
		2F2A09A728397C04004504AD /* PokeTeam_AppUITests.swift in Sources */ = {isa = PBXBuildFile; fileRef = 2F2A09A628397C04004504AD /* PokeTeam_AppUITests.swift */; };
		2F2A09A928397C04004504AD /* PokeTeam_AppUITestsLaunchTests.swift in Sources */ = {isa = PBXBuildFile; fileRef = 2F2A09A828397C04004504AD /* PokeTeam_AppUITestsLaunchTests.swift */; };
/* End PBXBuildFile section */

/* Begin PBXContainerItemProxy section */
		2F2A099928397C04004504AD /* PBXContainerItemProxy */ = {
			isa = PBXContainerItemProxy;
			containerPortal = 2F2A097A28397C02004504AD /* Project object */;
			proxyType = 1;
			remoteGlobalIDString = 2F2A098128397C02004504AD;
			remoteInfo = "PokeTeam App";
		};
		2F2A09A328397C04004504AD /* PBXContainerItemProxy */ = {
			isa = PBXContainerItemProxy;
			containerPortal = 2F2A097A28397C02004504AD /* Project object */;
			proxyType = 1;
			remoteGlobalIDString = 2F2A098128397C02004504AD;
			remoteInfo = "PokeTeam App";
		};
/* End PBXContainerItemProxy section */

/* Begin PBXFileReference section */
		2F2A098228397C02004504AD /* PokeTeam App.app */ = {isa = PBXFileReference; explicitFileType = wrapper.application; includeInIndex = 0; path = "PokeTeam App.app"; sourceTree = BUILT_PRODUCTS_DIR; };
		2F2A098528397C02004504AD /* AppDelegate.swift */ = {isa = PBXFileReference; lastKnownFileType = sourcecode.swift; path = AppDelegate.swift; sourceTree = "<group>"; };
		2F2A098728397C02004504AD /* SceneDelegate.swift */ = {isa = PBXFileReference; lastKnownFileType = sourcecode.swift; path = SceneDelegate.swift; sourceTree = "<group>"; };
		2F2A098928397C02004504AD /* ViewController.swift */ = {isa = PBXFileReference; lastKnownFileType = sourcecode.swift; path = ViewController.swift; sourceTree = "<group>"; };
		2F2A098C28397C02004504AD /* Base */ = {isa = PBXFileReference; lastKnownFileType = file.storyboard; name = Base; path = Base.lproj/Main.storyboard; sourceTree = "<group>"; };
		2F2A098E28397C04004504AD /* Assets.xcassets */ = {isa = PBXFileReference; lastKnownFileType = folder.assetcatalog; path = Assets.xcassets; sourceTree = "<group>"; };
		2F2A099128397C04004504AD /* Base */ = {isa = PBXFileReference; lastKnownFileType = file.storyboard; name = Base; path = Base.lproj/LaunchScreen.storyboard; sourceTree = "<group>"; };
		2F2A099328397C04004504AD /* Info.plist */ = {isa = PBXFileReference; lastKnownFileType = text.plist.xml; path = Info.plist; sourceTree = "<group>"; };
		2F2A099828397C04004504AD /* PokeTeam AppTests.xctest */ = {isa = PBXFileReference; explicitFileType = wrapper.cfbundle; includeInIndex = 0; path = "PokeTeam AppTests.xctest"; sourceTree = BUILT_PRODUCTS_DIR; };
		2F2A099C28397C04004504AD /* PokeTeam_AppTests.swift */ = {isa = PBXFileReference; lastKnownFileType = sourcecode.swift; path = PokeTeam_AppTests.swift; sourceTree = "<group>"; };
		2F2A09A228397C04004504AD /* PokeTeam AppUITests.xctest */ = {isa = PBXFileReference; explicitFileType = wrapper.cfbundle; includeInIndex = 0; path = "PokeTeam AppUITests.xctest"; sourceTree = BUILT_PRODUCTS_DIR; };
		2F2A09A628397C04004504AD /* PokeTeam_AppUITests.swift */ = {isa = PBXFileReference; lastKnownFileType = sourcecode.swift; path = PokeTeam_AppUITests.swift; sourceTree = "<group>"; };
		2F2A09A828397C04004504AD /* PokeTeam_AppUITestsLaunchTests.swift */ = {isa = PBXFileReference; lastKnownFileType = sourcecode.swift; path = PokeTeam_AppUITestsLaunchTests.swift; sourceTree = "<group>"; };
/* End PBXFileReference section */

/* Begin PBXFrameworksBuildPhase section */
		2F2A097F28397C02004504AD /* Frameworks */ = {
			isa = PBXFrameworksBuildPhase;
			buildActionMask = 2147483647;
			files = (
			);
			runOnlyForDeploymentPostprocessing = 0;
		};
		2F2A099528397C04004504AD /* Frameworks */ = {
			isa = PBXFrameworksBuildPhase;
			buildActionMask = 2147483647;
			files = (
			);
			runOnlyForDeploymentPostprocessing = 0;
		};
		2F2A099F28397C04004504AD /* Frameworks */ = {
			isa = PBXFrameworksBuildPhase;
			buildActionMask = 2147483647;
			files = (
			);
			runOnlyForDeploymentPostprocessing = 0;
		};
/* End PBXFrameworksBuildPhase section */

/* Begin PBXGroup section */
		2F2A097928397C02004504AD = {
			isa = PBXGroup;
			children = (
				2F2A098428397C02004504AD /* PokeTeam App */,
				2F2A099B28397C04004504AD /* PokeTeam AppTests */,
				2F2A09A528397C04004504AD /* PokeTeam AppUITests */,
				2F2A098328397C02004504AD /* Products */,
			);
			sourceTree = "<group>";
		};
		2F2A098328397C02004504AD /* Products */ = {
			isa = PBXGroup;
			children = (
				2F2A098228397C02004504AD /* PokeTeam App.app */,
				2F2A099828397C04004504AD /* PokeTeam AppTests.xctest */,
				2F2A09A228397C04004504AD /* PokeTeam AppUITests.xctest */,
			);
			name = Products;
			sourceTree = "<group>";
		};
		2F2A098428397C02004504AD /* PokeTeam App */ = {
			isa = PBXGroup;
			children = (
				2F2A098528397C02004504AD /* AppDelegate.swift */,
				2F2A098728397C02004504AD /* SceneDelegate.swift */,
				2F2A098928397C02004504AD /* ViewController.swift */,
				2F2A098B28397C02004504AD /* Main.storyboard */,
				2F2A098E28397C04004504AD /* Assets.xcassets */,
				2F2A099028397C04004504AD /* LaunchScreen.storyboard */,
				2F2A099328397C04004504AD /* Info.plist */,
			);
			path = "PokeTeam App";
			sourceTree = "<group>";
		};
		2F2A099B28397C04004504AD /* PokeTeam AppTests */ = {
			isa = PBXGroup;
			children = (
				2F2A099C28397C04004504AD /* PokeTeam_AppTests.swift */,
			);
			path = "PokeTeam AppTests";
			sourceTree = "<group>";
		};
		2F2A09A528397C04004504AD /* PokeTeam AppUITests */ = {
			isa = PBXGroup;
			children = (
				2F2A09A628397C04004504AD /* PokeTeam_AppUITests.swift */,
				2F2A09A828397C04004504AD /* PokeTeam_AppUITestsLaunchTests.swift */,
			);
			path = "PokeTeam AppUITests";
			sourceTree = "<group>";
		};
/* End PBXGroup section */

/* Begin PBXNativeTarget section */
		2F2A098128397C02004504AD /* PokeTeam App */ = {
			isa = PBXNativeTarget;
			buildConfigurationList = 2F2A09AC28397C04004504AD /* Build configuration list for PBXNativeTarget "PokeTeam App" */;
			buildPhases = (
				2F2A097E28397C02004504AD /* Sources */,
				2F2A097F28397C02004504AD /* Frameworks */,
				2F2A098028397C02004504AD /* Resources */,
			);
			buildRules = (
			);
			dependencies = (
			);
			name = "PokeTeam App";
			productName = "PokeTeam App";
			productReference = 2F2A098228397C02004504AD /* PokeTeam App.app */;
			productType = "com.apple.product-type.application";
		};
		2F2A099728397C04004504AD /* PokeTeam AppTests */ = {
			isa = PBXNativeTarget;
			buildConfigurationList = 2F2A09AF28397C04004504AD /* Build configuration list for PBXNativeTarget "PokeTeam AppTests" */;
			buildPhases = (
				2F2A099428397C04004504AD /* Sources */,
				2F2A099528397C04004504AD /* Frameworks */,
				2F2A099628397C04004504AD /* Resources */,
			);
			buildRules = (
			);
			dependencies = (
				2F2A099A28397C04004504AD /* PBXTargetDependency */,
			);
			name = "PokeTeam AppTests";
			productName = "PokeTeam AppTests";
			productReference = 2F2A099828397C04004504AD /* PokeTeam AppTests.xctest */;
			productType = "com.apple.product-type.bundle.unit-test";
		};
		2F2A09A128397C04004504AD /* PokeTeam AppUITests */ = {
			isa = PBXNativeTarget;
			buildConfigurationList = 2F2A09B228397C04004504AD /* Build configuration list for PBXNativeTarget "PokeTeam AppUITests" */;
			buildPhases = (
				2F2A099E28397C04004504AD /* Sources */,
				2F2A099F28397C04004504AD /* Frameworks */,
				2F2A09A028397C04004504AD /* Resources */,
			);
			buildRules = (
			);
			dependencies = (
				2F2A09A428397C04004504AD /* PBXTargetDependency */,
			);
			name = "PokeTeam AppUITests";
			productName = "PokeTeam AppUITests";
			productReference = 2F2A09A228397C04004504AD /* PokeTeam AppUITests.xctest */;
			productType = "com.apple.product-type.bundle.ui-testing";
		};
/* End PBXNativeTarget section */

/* Begin PBXProject section */
		2F2A097A28397C02004504AD /* Project object */ = {
			isa = PBXProject;
			attributes = {
				BuildIndependentTargetsInParallel = 1;
				LastSwiftUpdateCheck = 1340;
				LastUpgradeCheck = 1340;
				TargetAttributes = {
					2F2A098128397C02004504AD = {
						CreatedOnToolsVersion = 13.4;
					};
					2F2A099728397C04004504AD = {
						CreatedOnToolsVersion = 13.4;
						TestTargetID = 2F2A098128397C02004504AD;
					};
					2F2A09A128397C04004504AD = {
						CreatedOnToolsVersion = 13.4;
						TestTargetID = 2F2A098128397C02004504AD;
					};
				};
			};
			buildConfigurationList = 2F2A097D28397C02004504AD /* Build configuration list for PBXProject "PokeTeam App" */;
			compatibilityVersion = "Xcode 13.0";
			developmentRegion = en;
			hasScannedForEncodings = 0;
			knownRegions = (
				en,
				Base,
			);
			mainGroup = 2F2A097928397C02004504AD;
			productRefGroup = 2F2A098328397C02004504AD /* Products */;
			projectDirPath = "";
			projectRoot = "";
			targets = (
				2F2A098128397C02004504AD /* PokeTeam App */,
				2F2A099728397C04004504AD /* PokeTeam AppTests */,
				2F2A09A128397C04004504AD /* PokeTeam AppUITests */,
			);
		};
/* End PBXProject section */

/* Begin PBXResourcesBuildPhase section */
		2F2A098028397C02004504AD /* Resources */ = {
			isa = PBXResourcesBuildPhase;
			buildActionMask = 2147483647;
			files = (
				2F2A099228397C04004504AD /* LaunchScreen.storyboard in Resources */,
				2F2A098F28397C04004504AD /* Assets.xcassets in Resources */,
				2F2A098D28397C02004504AD /* Main.storyboard in Resources */,
			);
			runOnlyForDeploymentPostprocessing = 0;
		};
		2F2A099628397C04004504AD /* Resources */ = {
			isa = PBXResourcesBuildPhase;
			buildActionMask = 2147483647;
			files = (
			);
			runOnlyForDeploymentPostprocessing = 0;
		};
		2F2A09A028397C04004504AD /* Resources */ = {
			isa = PBXResourcesBuildPhase;
			buildActionMask = 2147483647;
			files = (
			);
			runOnlyForDeploymentPostprocessing = 0;
		};
/* End PBXResourcesBuildPhase section */

/* Begin PBXSourcesBuildPhase section */
		2F2A097E28397C02004504AD /* Sources */ = {
			isa = PBXSourcesBuildPhase;
			buildActionMask = 2147483647;
			files = (
				2F2A098A28397C02004504AD /* ViewController.swift in Sources */,
				2F2A098628397C02004504AD /* AppDelegate.swift in Sources */,
				2F2A098828397C02004504AD /* SceneDelegate.swift in Sources */,
			);
			runOnlyForDeploymentPostprocessing = 0;
		};
		2F2A099428397C04004504AD /* Sources */ = {
			isa = PBXSourcesBuildPhase;
			buildActionMask = 2147483647;
			files = (
				2F2A099D28397C04004504AD /* PokeTeam_AppTests.swift in Sources */,
			);
			runOnlyForDeploymentPostprocessing = 0;
		};
		2F2A099E28397C04004504AD /* Sources */ = {
			isa = PBXSourcesBuildPhase;
			buildActionMask = 2147483647;
			files = (
				2F2A09A928397C04004504AD /* PokeTeam_AppUITestsLaunchTests.swift in Sources */,
				2F2A09A728397C04004504AD /* PokeTeam_AppUITests.swift in Sources */,
			);
			runOnlyForDeploymentPostprocessing = 0;
		};
/* End PBXSourcesBuildPhase section */

/* Begin PBXTargetDependency section */
		2F2A099A28397C04004504AD /* PBXTargetDependency */ = {
			isa = PBXTargetDependency;
			target = 2F2A098128397C02004504AD /* PokeTeam App */;
			targetProxy = 2F2A099928397C04004504AD /* PBXContainerItemProxy */;
		};
		2F2A09A428397C04004504AD /* PBXTargetDependency */ = {
			isa = PBXTargetDependency;
			target = 2F2A098128397C02004504AD /* PokeTeam App */;
			targetProxy = 2F2A09A328397C04004504AD /* PBXContainerItemProxy */;
		};
/* End PBXTargetDependency section */

/* Begin PBXVariantGroup section */
		2F2A098B28397C02004504AD /* Main.storyboard */ = {
			isa = PBXVariantGroup;
			children = (
				2F2A098C28397C02004504AD /* Base */,
			);
			name = Main.storyboard;
			sourceTree = "<group>";
		};
		2F2A099028397C04004504AD /* LaunchScreen.storyboard */ = {
			isa = PBXVariantGroup;
			children = (
				2F2A099128397C04004504AD /* Base */,
			);
			name = LaunchScreen.storyboard;
			sourceTree = "<group>";
		};
/* End PBXVariantGroup section */

/* Begin XCBuildConfiguration section */
		2F2A09AA28397C04004504AD /* Debug */ = {
			isa = XCBuildConfiguration;
			buildSettings = {
				ALWAYS_SEARCH_USER_PATHS = NO;
				CLANG_ANALYZER_NONNULL = YES;
				CLANG_ANALYZER_NUMBER_OBJECT_CONVERSION = YES_AGGRESSIVE;
				CLANG_CXX_LANGUAGE_STANDARD = "gnu++17";
				CLANG_ENABLE_MODULES = YES;
				CLANG_ENABLE_OBJC_ARC = YES;
				CLANG_ENABLE_OBJC_WEAK = YES;
				CLANG_WARN_BLOCK_CAPTURE_AUTORELEASING = YES;
				CLANG_WARN_BOOL_CONVERSION = YES;
				CLANG_WARN_COMMA = YES;
				CLANG_WARN_CONSTANT_CONVERSION = YES;
				CLANG_WARN_DEPRECATED_OBJC_IMPLEMENTATIONS = YES;
				CLANG_WARN_DIRECT_OBJC_ISA_USAGE = YES_ERROR;
				CLANG_WARN_DOCUMENTATION_COMMENTS = YES;
				CLANG_WARN_EMPTY_BODY = YES;
				CLANG_WARN_ENUM_CONVERSION = YES;
				CLANG_WARN_INFINITE_RECURSION = YES;
				CLANG_WARN_INT_CONVERSION = YES;
				CLANG_WARN_NON_LITERAL_NULL_CONVERSION = YES;
				CLANG_WARN_OBJC_IMPLICIT_RETAIN_SELF = YES;
				CLANG_WARN_OBJC_LITERAL_CONVERSION = YES;
				CLANG_WARN_OBJC_ROOT_CLASS = YES_ERROR;
				CLANG_WARN_QUOTED_INCLUDE_IN_FRAMEWORK_HEADER = YES;
				CLANG_WARN_RANGE_LOOP_ANALYSIS = YES;
				CLANG_WARN_STRICT_PROTOTYPES = YES;
				CLANG_WARN_SUSPICIOUS_MOVE = YES;
				CLANG_WARN_UNGUARDED_AVAILABILITY = YES_AGGRESSIVE;
				CLANG_WARN_UNREACHABLE_CODE = YES;
				CLANG_WARN__DUPLICATE_METHOD_MATCH = YES;
				COPY_PHASE_STRIP = NO;
				DEBUG_INFORMATION_FORMAT = dwarf;
				ENABLE_STRICT_OBJC_MSGSEND = YES;
				ENABLE_TESTABILITY = YES;
				GCC_C_LANGUAGE_STANDARD = gnu11;
				GCC_DYNAMIC_NO_PIC = NO;
				GCC_NO_COMMON_BLOCKS = YES;
				GCC_OPTIMIZATION_LEVEL = 0;
				GCC_PREPROCESSOR_DEFINITIONS = (
					"DEBUG=1",
					"$(inherited)",
				);
				GCC_WARN_64_TO_32_BIT_CONVERSION = YES;
				GCC_WARN_ABOUT_RETURN_TYPE = YES_ERROR;
				GCC_WARN_UNDECLARED_SELECTOR = YES;
				GCC_WARN_UNINITIALIZED_AUTOS = YES_AGGRESSIVE;
				GCC_WARN_UNUSED_FUNCTION = YES;
				GCC_WARN_UNUSED_VARIABLE = YES;
				IPHONEOS_DEPLOYMENT_TARGET = 15.5;
				MTL_ENABLE_DEBUG_INFO = INCLUDE_SOURCE;
				MTL_FAST_MATH = YES;
				ONLY_ACTIVE_ARCH = YES;
				SDKROOT = iphoneos;
				SWIFT_ACTIVE_COMPILATION_CONDITIONS = DEBUG;
				SWIFT_OPTIMIZATION_LEVEL = "-Onone";
			};
			name = Debug;
		};
		2F2A09AB28397C04004504AD /* Release */ = {
			isa = XCBuildConfiguration;
			buildSettings = {
				ALWAYS_SEARCH_USER_PATHS = NO;
				CLANG_ANALYZER_NONNULL = YES;
				CLANG_ANALYZER_NUMBER_OBJECT_CONVERSION = YES_AGGRESSIVE;
				CLANG_CXX_LANGUAGE_STANDARD = "gnu++17";
				CLANG_ENABLE_MODULES = YES;
				CLANG_ENABLE_OBJC_ARC = YES;
				CLANG_ENABLE_OBJC_WEAK = YES;
				CLANG_WARN_BLOCK_CAPTURE_AUTORELEASING = YES;
				CLANG_WARN_BOOL_CONVERSION = YES;
				CLANG_WARN_COMMA = YES;
				CLANG_WARN_CONSTANT_CONVERSION = YES;
				CLANG_WARN_DEPRECATED_OBJC_IMPLEMENTATIONS = YES;
				CLANG_WARN_DIRECT_OBJC_ISA_USAGE = YES_ERROR;
				CLANG_WARN_DOCUMENTATION_COMMENTS = YES;
				CLANG_WARN_EMPTY_BODY = YES;
				CLANG_WARN_ENUM_CONVERSION = YES;
				CLANG_WARN_INFINITE_RECURSION = YES;
				CLANG_WARN_INT_CONVERSION = YES;
				CLANG_WARN_NON_LITERAL_NULL_CONVERSION = YES;
				CLANG_WARN_OBJC_IMPLICIT_RETAIN_SELF = YES;
				CLANG_WARN_OBJC_LITERAL_CONVERSION = YES;
				CLANG_WARN_OBJC_ROOT_CLASS = YES_ERROR;
				CLANG_WARN_QUOTED_INCLUDE_IN_FRAMEWORK_HEADER = YES;
				CLANG_WARN_RANGE_LOOP_ANALYSIS = YES;
				CLANG_WARN_STRICT_PROTOTYPES = YES;
				CLANG_WARN_SUSPICIOUS_MOVE = YES;
				CLANG_WARN_UNGUARDED_AVAILABILITY = YES_AGGRESSIVE;
				CLANG_WARN_UNREACHABLE_CODE = YES;
				CLANG_WARN__DUPLICATE_METHOD_MATCH = YES;
				COPY_PHASE_STRIP = NO;
				DEBUG_INFORMATION_FORMAT = "dwarf-with-dsym";
				ENABLE_NS_ASSERTIONS = NO;
				ENABLE_STRICT_OBJC_MSGSEND = YES;
				GCC_C_LANGUAGE_STANDARD = gnu11;
				GCC_NO_COMMON_BLOCKS = YES;
				GCC_WARN_64_TO_32_BIT_CONVERSION = YES;
				GCC_WARN_ABOUT_RETURN_TYPE = YES_ERROR;
				GCC_WARN_UNDECLARED_SELECTOR = YES;
				GCC_WARN_UNINITIALIZED_AUTOS = YES_AGGRESSIVE;
				GCC_WARN_UNUSED_FUNCTION = YES;
				GCC_WARN_UNUSED_VARIABLE = YES;
				IPHONEOS_DEPLOYMENT_TARGET = 15.5;
				MTL_ENABLE_DEBUG_INFO = NO;
				MTL_FAST_MATH = YES;
				SDKROOT = iphoneos;
				SWIFT_COMPILATION_MODE = wholemodule;
				SWIFT_OPTIMIZATION_LEVEL = "-O";
				VALIDATE_PRODUCT = YES;
			};
			name = Release;
		};
		2F2A09AD28397C04004504AD /* Debug */ = {
			isa = XCBuildConfiguration;
			buildSettings = {
				ASSETCATALOG_COMPILER_APPICON_NAME = AppIcon;
				ASSETCATALOG_COMPILER_GLOBAL_ACCENT_COLOR_NAME = AccentColor;
				CODE_SIGN_STYLE = Automatic;
				CURRENT_PROJECT_VERSION = 1;
				DEVELOPMENT_TEAM = 294N3Z42G5;
				GENERATE_INFOPLIST_FILE = YES;
				INFOPLIST_FILE = "PokeTeam App/Info.plist";
				INFOPLIST_KEY_UIApplicationSupportsIndirectInputEvents = YES;
				INFOPLIST_KEY_UILaunchStoryboardName = LaunchScreen;
				INFOPLIST_KEY_UIMainStoryboardFile = Main;
				INFOPLIST_KEY_UISupportedInterfaceOrientations_iPad = "UIInterfaceOrientationPortrait UIInterfaceOrientationPortraitUpsideDown UIInterfaceOrientationLandscapeLeft UIInterfaceOrientationLandscapeRight";
				INFOPLIST_KEY_UISupportedInterfaceOrientations_iPhone = "UIInterfaceOrientationPortrait UIInterfaceOrientationLandscapeLeft UIInterfaceOrientationLandscapeRight";
				LD_RUNPATH_SEARCH_PATHS = (
					"$(inherited)",
					"@executable_path/Frameworks",
				);
				MARKETING_VERSION = 1.0;
				PRODUCT_BUNDLE_IDENTIFIER = "zawalski.PokeTeam-App";
				PRODUCT_NAME = "$(TARGET_NAME)";
				SWIFT_EMIT_LOC_STRINGS = YES;
				SWIFT_VERSION = 5.0;
				TARGETED_DEVICE_FAMILY = "1,2";
			};
			name = Debug;
		};
		2F2A09AE28397C04004504AD /* Release */ = {
			isa = XCBuildConfiguration;
			buildSettings = {
				ASSETCATALOG_COMPILER_APPICON_NAME = AppIcon;
				ASSETCATALOG_COMPILER_GLOBAL_ACCENT_COLOR_NAME = AccentColor;
				CODE_SIGN_STYLE = Automatic;
				CURRENT_PROJECT_VERSION = 1;
				DEVELOPMENT_TEAM = 294N3Z42G5;
				GENERATE_INFOPLIST_FILE = YES;
				INFOPLIST_FILE = "PokeTeam App/Info.plist";
				INFOPLIST_KEY_UIApplicationSupportsIndirectInputEvents = YES;
				INFOPLIST_KEY_UILaunchStoryboardName = LaunchScreen;
				INFOPLIST_KEY_UIMainStoryboardFile = Main;
				INFOPLIST_KEY_UISupportedInterfaceOrientations_iPad = "UIInterfaceOrientationPortrait UIInterfaceOrientationPortraitUpsideDown UIInterfaceOrientationLandscapeLeft UIInterfaceOrientationLandscapeRight";
				INFOPLIST_KEY_UISupportedInterfaceOrientations_iPhone = "UIInterfaceOrientationPortrait UIInterfaceOrientationLandscapeLeft UIInterfaceOrientationLandscapeRight";
				LD_RUNPATH_SEARCH_PATHS = (
					"$(inherited)",
					"@executable_path/Frameworks",
				);
				MARKETING_VERSION = 1.0;
				PRODUCT_BUNDLE_IDENTIFIER = "zawalski.PokeTeam-App";
				PRODUCT_NAME = "$(TARGET_NAME)";
				SWIFT_EMIT_LOC_STRINGS = YES;
				SWIFT_VERSION = 5.0;
				TARGETED_DEVICE_FAMILY = "1,2";
			};
			name = Release;
		};
		2F2A09B028397C04004504AD /* Debug */ = {
			isa = XCBuildConfiguration;
			buildSettings = {
				ALWAYS_EMBED_SWIFT_STANDARD_LIBRARIES = YES;
				BUNDLE_LOADER = "$(TEST_HOST)";
				CODE_SIGN_STYLE = Automatic;
				CURRENT_PROJECT_VERSION = 1;
				DEVELOPMENT_TEAM = 294N3Z42G5;
				GENERATE_INFOPLIST_FILE = YES;
				IPHONEOS_DEPLOYMENT_TARGET = 15.5;
				MARKETING_VERSION = 1.0;
				PRODUCT_BUNDLE_IDENTIFIER = "zawalski.PokeTeam-AppTests";
				PRODUCT_NAME = "$(TARGET_NAME)";
				SWIFT_EMIT_LOC_STRINGS = NO;
				SWIFT_VERSION = 5.0;
				TARGETED_DEVICE_FAMILY = "1,2";
				TEST_HOST = "$(BUILT_PRODUCTS_DIR)/PokeTeam App.app/PokeTeam App";
			};
			name = Debug;
		};
		2F2A09B128397C04004504AD /* Release */ = {
			isa = XCBuildConfiguration;
			buildSettings = {
				ALWAYS_EMBED_SWIFT_STANDARD_LIBRARIES = YES;
				BUNDLE_LOADER = "$(TEST_HOST)";
				CODE_SIGN_STYLE = Automatic;
				CURRENT_PROJECT_VERSION = 1;
				DEVELOPMENT_TEAM = 294N3Z42G5;
				GENERATE_INFOPLIST_FILE = YES;
				IPHONEOS_DEPLOYMENT_TARGET = 15.5;
				MARKETING_VERSION = 1.0;
				PRODUCT_BUNDLE_IDENTIFIER = "zawalski.PokeTeam-AppTests";
				PRODUCT_NAME = "$(TARGET_NAME)";
				SWIFT_EMIT_LOC_STRINGS = NO;
				SWIFT_VERSION = 5.0;
				TARGETED_DEVICE_FAMILY = "1,2";
				TEST_HOST = "$(BUILT_PRODUCTS_DIR)/PokeTeam App.app/PokeTeam App";
			};
			name = Release;
		};
		2F2A09B328397C04004504AD /* Debug */ = {
			isa = XCBuildConfiguration;
			buildSettings = {
				ALWAYS_EMBED_SWIFT_STANDARD_LIBRARIES = YES;
				CODE_SIGN_STYLE = Automatic;
				CURRENT_PROJECT_VERSION = 1;
				DEVELOPMENT_TEAM = 294N3Z42G5;
				GENERATE_INFOPLIST_FILE = YES;
				MARKETING_VERSION = 1.0;
				PRODUCT_BUNDLE_IDENTIFIER = "zawalski.PokeTeam-AppUITests";
				PRODUCT_NAME = "$(TARGET_NAME)";
				SWIFT_EMIT_LOC_STRINGS = NO;
				SWIFT_VERSION = 5.0;
				TARGETED_DEVICE_FAMILY = "1,2";
				TEST_TARGET_NAME = "PokeTeam App";
			};
			name = Debug;
		};
		2F2A09B428397C04004504AD /* Release */ = {
			isa = XCBuildConfiguration;
			buildSettings = {
				ALWAYS_EMBED_SWIFT_STANDARD_LIBRARIES = YES;
				CODE_SIGN_STYLE = Automatic;
				CURRENT_PROJECT_VERSION = 1;
				DEVELOPMENT_TEAM = 294N3Z42G5;
				GENERATE_INFOPLIST_FILE = YES;
				MARKETING_VERSION = 1.0;
				PRODUCT_BUNDLE_IDENTIFIER = "zawalski.PokeTeam-AppUITests";
				PRODUCT_NAME = "$(TARGET_NAME)";
				SWIFT_EMIT_LOC_STRINGS = NO;
				SWIFT_VERSION = 5.0;
				TARGETED_DEVICE_FAMILY = "1,2";
				TEST_TARGET_NAME = "PokeTeam App";
			};
			name = Release;
		};
/* End XCBuildConfiguration section */

/* Begin XCConfigurationList section */
		2F2A097D28397C02004504AD /* Build configuration list for PBXProject "PokeTeam App" */ = {
			isa = XCConfigurationList;
			buildConfigurations = (
				2F2A09AA28397C04004504AD /* Debug */,
				2F2A09AB28397C04004504AD /* Release */,
			);
			defaultConfigurationIsVisible = 0;
			defaultConfigurationName = Release;
		};
		2F2A09AC28397C04004504AD /* Build configuration list for PBXNativeTarget "PokeTeam App" */ = {
			isa = XCConfigurationList;
			buildConfigurations = (
				2F2A09AD28397C04004504AD /* Debug */,
				2F2A09AE28397C04004504AD /* Release */,
			);
			defaultConfigurationIsVisible = 0;
			defaultConfigurationName = Release;
		};
		2F2A09AF28397C04004504AD /* Build configuration list for PBXNativeTarget "PokeTeam AppTests" */ = {
			isa = XCConfigurationList;
			buildConfigurations = (
				2F2A09B028397C04004504AD /* Debug */,
				2F2A09B128397C04004504AD /* Release */,
			);
			defaultConfigurationIsVisible = 0;
			defaultConfigurationName = Release;
		};
		2F2A09B228397C04004504AD /* Build configuration list for PBXNativeTarget "PokeTeam AppUITests" */ = {
			isa = XCConfigurationList;
			buildConfigurations = (
				2F2A09B328397C04004504AD /* Debug */,
				2F2A09B428397C04004504AD /* Release */,
			);
			defaultConfigurationIsVisible = 0;
			defaultConfigurationName = Release;
		};
/* End XCConfigurationList section */
	};
	rootObject = 2F2A097A28397C02004504AD /* Project object */;
}
